// !$*UTF8*$!
{
	archiveVersion = 1;
	classes = {
	};
	objectVersion = 46;
	objects = {

/* Begin PBXBuildFile section */
		9D7DCA9C1ED86DF400D35BCC /* AppDelegate.swift in Sources */ = {isa = PBXBuildFile; fileRef = 9D7DCA9B1ED86DF400D35BCC /* AppDelegate.swift */; };
		9D7DCA9E1ED86DF400D35BCC /* ViewController.swift in Sources */ = {isa = PBXBuildFile; fileRef = 9D7DCA9D1ED86DF400D35BCC /* ViewController.swift */; };
		9D7DCAA11ED86DF400D35BCC /* Main.storyboard in Resources */ = {isa = PBXBuildFile; fileRef = 9D7DCA9F1ED86DF400D35BCC /* Main.storyboard */; };
		9D7DCAA31ED86DF400D35BCC /* Assets.xcassets in Resources */ = {isa = PBXBuildFile; fileRef = 9D7DCAA21ED86DF400D35BCC /* Assets.xcassets */; };
		9D7DCAA61ED86DF400D35BCC /* LaunchScreen.storyboard in Resources */ = {isa = PBXBuildFile; fileRef = 9D7DCAA41ED86DF400D35BCC /* LaunchScreen.storyboard */; };
		A8E3FA47D9838E6F485ACD66 /* Pods_Playground_TestProject.framework in Frameworks */ = {isa = PBXBuildFile; fileRef = 85C3DE7FC12F8DA99061C827 /* Pods_Playground_TestProject.framework */; };
/* End PBXBuildFile section */

/* Begin PBXFileReference section */
		36CE4D9296BB74BBB3A96294 /* Pods-Playground_TestProject.release.xcconfig */ = {isa = PBXFileReference; includeInIndex = 1; lastKnownFileType = text.xcconfig; name = "Pods-Playground_TestProject.release.xcconfig"; path = "Pods/Target Support Files/Pods-Playground_TestProject/Pods-Playground_TestProject.release.xcconfig"; sourceTree = "<group>"; };
		5F2614735B5038E7922450A4 /* Pods-Playground_TestProject.debug.xcconfig */ = {isa = PBXFileReference; includeInIndex = 1; lastKnownFileType = text.xcconfig; name = "Pods-Playground_TestProject.debug.xcconfig"; path = "Pods/Target Support Files/Pods-Playground_TestProject/Pods-Playground_TestProject.debug.xcconfig"; sourceTree = "<group>"; };
		85C3DE7FC12F8DA99061C827 /* Pods_Playground_TestProject.framework */ = {isa = PBXFileReference; explicitFileType = wrapper.framework; includeInIndex = 0; path = Pods_Playground_TestProject.framework; sourceTree = BUILT_PRODUCTS_DIR; };
		9D7DCA981ED86DF400D35BCC /* Playground_TestProject.app */ = {isa = PBXFileReference; explicitFileType = wrapper.application; includeInIndex = 0; path = Playground_TestProject.app; sourceTree = BUILT_PRODUCTS_DIR; };
		9D7DCA9B1ED86DF400D35BCC /* AppDelegate.swift */ = {isa = PBXFileReference; lastKnownFileType = sourcecode.swift; path = AppDelegate.swift; sourceTree = "<group>"; };
		9D7DCA9D1ED86DF400D35BCC /* ViewController.swift */ = {isa = PBXFileReference; lastKnownFileType = sourcecode.swift; path = ViewController.swift; sourceTree = "<group>"; };
		9D7DCAA01ED86DF400D35BCC /* Base */ = {isa = PBXFileReference; lastKnownFileType = file.storyboard; name = Base; path = Base.lproj/Main.storyboard; sourceTree = "<group>"; };
		9D7DCAA21ED86DF400D35BCC /* Assets.xcassets */ = {isa = PBXFileReference; lastKnownFileType = folder.assetcatalog; path = Assets.xcassets; sourceTree = "<group>"; };
		9D7DCAA51ED86DF400D35BCC /* Base */ = {isa = PBXFileReference; lastKnownFileType = file.storyboard; name = Base; path = Base.lproj/LaunchScreen.storyboard; sourceTree = "<group>"; };
		9D7DCAA71ED86DF400D35BCC /* Info.plist */ = {isa = PBXFileReference; lastKnownFileType = text.plist.xml; path = Info.plist; sourceTree = "<group>"; };
		9D7DCAAD1ED86E4D00D35BCC /* Playground.playground */ = {isa = PBXFileReference; lastKnownFileType = file.playground; path = Playground.playground; sourceTree = "<group>"; };
/* End PBXFileReference section */

/* Begin PBXFrameworksBuildPhase section */
		9D7DCA951ED86DF400D35BCC /* Frameworks */ = {
			isa = PBXFrameworksBuildPhase;
			buildActionMask = 2147483647;
			files = (
				A8E3FA47D9838E6F485ACD66 /* Pods_Playground_TestProject.framework in Frameworks */,
			);
			runOnlyForDeploymentPostprocessing = 0;
		};
/* End PBXFrameworksBuildPhase section */

/* Begin PBXGroup section */
		14DDE6235148C1E830BDC1EA /* Frameworks */ = {
			isa = PBXGroup;
			children = (
				85C3DE7FC12F8DA99061C827 /* Pods_Playground_TestProject.framework */,
			);
			name = Frameworks;
			sourceTree = "<group>";
		};
		9D7DCA8F1ED86DF400D35BCC = {
			isa = PBXGroup;
			children = (
				9D7DCAAD1ED86E4D00D35BCC /* Playground.playground */,
				9D7DCA9A1ED86DF400D35BCC /* Playground_TestProject */,
				9D7DCA991ED86DF400D35BCC /* Products */,
				E54C1BB79E7C00F3A7771F60 /* Pods */,
				14DDE6235148C1E830BDC1EA /* Frameworks */,
			);
			sourceTree = "<group>";
		};
		9D7DCA991ED86DF400D35BCC /* Products */ = {
			isa = PBXGroup;
			children = (
				9D7DCA981ED86DF400D35BCC /* Playground_TestProject.app */,
			);
			name = Products;
			sourceTree = "<group>";
		};
		9D7DCA9A1ED86DF400D35BCC /* Playground_TestProject */ = {
			isa = PBXGroup;
			children = (
				9D7DCA9B1ED86DF400D35BCC /* AppDelegate.swift */,
				9D7DCA9D1ED86DF400D35BCC /* ViewController.swift */,
				9D7DCA9F1ED86DF400D35BCC /* Main.storyboard */,
				9D7DCAA21ED86DF400D35BCC /* Assets.xcassets */,
				9D7DCAA41ED86DF400D35BCC /* LaunchScreen.storyboard */,
				9D7DCAA71ED86DF400D35BCC /* Info.plist */,
			);
			path = Playground_TestProject;
			sourceTree = "<group>";
		};
		E54C1BB79E7C00F3A7771F60 /* Pods */ = {
			isa = PBXGroup;
			children = (
				5F2614735B5038E7922450A4 /* Pods-Playground_TestProject.debug.xcconfig */,
				36CE4D9296BB74BBB3A96294 /* Pods-Playground_TestProject.release.xcconfig */,
			);
			name = Pods;
			sourceTree = "<group>";
		};
/* End PBXGroup section */

/* Begin PBXNativeTarget section */
		9D7DCA971ED86DF400D35BCC /* Playground_TestProject */ = {
			isa = PBXNativeTarget;
			buildConfigurationList = 9D7DCAAA1ED86DF400D35BCC /* Build configuration list for PBXNativeTarget "Playground_TestProject" */;
			buildPhases = (
				EFF734A9289F24877500D589 /* [CP] Check Pods Manifest.lock */,
				9D7DCA941ED86DF400D35BCC /* Sources */,
				9D7DCA951ED86DF400D35BCC /* Frameworks */,
				9D7DCA961ED86DF400D35BCC /* Resources */,
				9DA546C0E4144D6BC15C3031 /* [CP] Embed Pods Frameworks */,
				02C6387979E00C4548A3BAC2 /* [CP] Copy Pods Resources */,
			);
			buildRules = (
			);
			dependencies = (
			);
			name = Playground_TestProject;
			productName = Playground_TestProject;
			productReference = 9D7DCA981ED86DF400D35BCC /* Playground_TestProject.app */;
			productType = "com.apple.product-type.application";
		};
/* End PBXNativeTarget section */

/* Begin PBXProject section */
		9D7DCA901ED86DF400D35BCC /* Project object */ = {
			isa = PBXProject;
			attributes = {
				LastSwiftUpdateCheck = 0830;
				LastUpgradeCheck = 0830;
				ORGANIZATIONNAME = "Salvatore  Polito";
				TargetAttributes = {
					9D7DCA971ED86DF400D35BCC = {
						CreatedOnToolsVersion = 8.3.2;
						DevelopmentTeam = AT2W83BFC8;
						ProvisioningStyle = Automatic;
					};
				};
			};
			buildConfigurationList = 9D7DCA931ED86DF400D35BCC /* Build configuration list for PBXProject "Playground_TestProject" */;
			compatibilityVersion = "Xcode 3.2";
			developmentRegion = English;
			hasScannedForEncodings = 0;
			knownRegions = (
				en,
				Base,
			);
			mainGroup = 9D7DCA8F1ED86DF400D35BCC;
			productRefGroup = 9D7DCA991ED86DF400D35BCC /* Products */;
			projectDirPath = "";
			projectRoot = "";
			targets = (
				9D7DCA971ED86DF400D35BCC /* Playground_TestProject */,
			);
		};
/* End PBXProject section */

/* Begin PBXResourcesBuildPhase section */
		9D7DCA961ED86DF400D35BCC /* Resources */ = {
			isa = PBXResourcesBuildPhase;
			buildActionMask = 2147483647;
			files = (
				9D7DCAA61ED86DF400D35BCC /* LaunchScreen.storyboard in Resources */,
				9D7DCAA31ED86DF400D35BCC /* Assets.xcassets in Resources */,
				9D7DCAA11ED86DF400D35BCC /* Main.storyboard in Resources */,
			);
			runOnlyForDeploymentPostprocessing = 0;
		};
/* End PBXResourcesBuildPhase section */

/* Begin PBXShellScriptBuildPhase section */
		02C6387979E00C4548A3BAC2 /* [CP] Copy Pods Resources */ = {
			isa = PBXShellScriptBuildPhase;
			buildActionMask = 2147483647;
			files = (
			);
			inputPaths = (
			);
			name = "[CP] Copy Pods Resources";
			outputPaths = (
			);
			runOnlyForDeploymentPostprocessing = 0;
			shellPath = /bin/sh;
			shellScript = "\"${SRCROOT}/Pods/Target Support Files/Pods-Playground_TestProject/Pods-Playground_TestProject-resources.sh\"\n";
			showEnvVarsInLog = 0;
		};
		9DA546C0E4144D6BC15C3031 /* [CP] Embed Pods Frameworks */ = {
			isa = PBXShellScriptBuildPhase;
			buildActionMask = 2147483647;
			files = (
			);
			inputPaths = (
			);
			name = "[CP] Embed Pods Frameworks";
			outputPaths = (
			);
			runOnlyForDeploymentPostprocessing = 0;
			shellPath = /bin/sh;
			shellScript = "\"${SRCROOT}/Pods/Target Support Files/Pods-Playground_TestProject/Pods-Playground_TestProject-frameworks.sh\"\n";
			showEnvVarsInLog = 0;
		};
		EFF734A9289F24877500D589 /* [CP] Check Pods Manifest.lock */ = {
			isa = PBXShellScriptBuildPhase;
			buildActionMask = 2147483647;
			files = (
			);
			inputPaths = (
			);
			name = "[CP] Check Pods Manifest.lock";
			outputPaths = (
			);
			runOnlyForDeploymentPostprocessing = 0;
			shellPath = /bin/sh;
			shellScript = "diff \"${PODS_ROOT}/../Podfile.lock\" \"${PODS_ROOT}/Manifest.lock\" > /dev/null\nif [ $? != 0 ] ; then\n    # print error to STDERR\n    echo \"error: The sandbox is not in sync with the Podfile.lock. Run 'pod install' or update your CocoaPods installation.\" >&2\n    exit 1\nfi\n";
			showEnvVarsInLog = 0;
		};
/* End PBXShellScriptBuildPhase section */

/* Begin PBXSourcesBuildPhase section */
		9D7DCA941ED86DF400D35BCC /* Sources */ = {
			isa = PBXSourcesBuildPhase;
			buildActionMask = 2147483647;
			files = (
				9D7DCA9E1ED86DF400D35BCC /* ViewController.swift in Sources */,
				9D7DCA9C1ED86DF400D35BCC /* AppDelegate.swift in Sources */,
			);
			runOnlyForDeploymentPostprocessing = 0;
		};
/* End PBXSourcesBuildPhase section */

/* Begin PBXVariantGroup section */
		9D7DCA9F1ED86DF400D35BCC /* Main.storyboard */ = {
			isa = PBXVariantGroup;
			children = (
				9D7DCAA01ED86DF400D35BCC /* Base */,
			);
			name = Main.storyboard;
			sourceTree = "<group>";
		};
		9D7DCAA41ED86DF400D35BCC /* LaunchScreen.storyboard */ = {
			isa = PBXVariantGroup;
			children = (
				9D7DCAA51ED86DF400D35BCC /* Base */,
			);
			name = LaunchScreen.storyboard;
			sourceTree = "<group>";
		};
/* End PBXVariantGroup section */

/* Begin XCBuildConfiguration section */
		9D7DCAA81ED86DF400D35BCC /* Debug */ = {
			isa = XCBuildConfiguration;
			buildSettings = {
				ALWAYS_SEARCH_USER_PATHS = NO;
				CLANG_ANALYZER_NONNULL = YES;
				CLANG_ANALYZER_NUMBER_OBJECT_CONVERSION = YES_AGGRESSIVE;
				CLANG_CXX_LANGUAGE_STANDARD = "gnu++0x";
				CLANG_CXX_LIBRARY = "libc++";
				CLANG_ENABLE_MODULES = YES;
				CLANG_ENABLE_OBJC_ARC = YES;
				CLANG_WARN_BOOL_CONVERSION = YES;
				CLANG_WARN_CONSTANT_CONVERSION = YES;
				CLANG_WARN_DIRECT_OBJC_ISA_USAGE = YES_ERROR;
				CLANG_WARN_DOCUMENTATION_COMMENTS = YES;
				CLANG_WARN_EMPTY_BODY = YES;
				CLANG_WARN_ENUM_CONVERSION = YES;
				CLANG_WARN_INFINITE_RECURSION = YES;
				CLANG_WARN_INT_CONVERSION = YES;
				CLANG_WARN_OBJC_ROOT_CLASS = YES_ERROR;
				CLANG_WARN_SUSPICIOUS_MOVE = YES;
				CLANG_WARN_UNREACHABLE_CODE = YES;
				CLANG_WARN__DUPLICATE_METHOD_MATCH = YES;
				"CODE_SIGN_IDENTITY[sdk=iphoneos*]" = "iPhone Developer";
				COPY_PHASE_STRIP = NO;
				DEBUG_INFORMATION_FORMAT = dwarf;
				ENABLE_STRICT_OBJC_MSGSEND = YES;
				ENABLE_TESTABILITY = YES;
				GCC_C_LANGUAGE_STANDARD = gnu99;
				GCC_DYNAMIC_NO_PIC = NO;
				GCC_NO_COMMON_BLOCKS = YES;
				GCC_OPTIMIZATION_LEVEL = 0;
				GCC_PREPROCESSOR_DEFINITIONS = (
					"DEBUG=1",
					"$(inherited)",
				);
				GCC_WARN_64_TO_32_BIT_CONVERSION = YES;
				GCC_WARN_ABOUT_RETURN_TYPE = YES_ERROR;
				GCC_WARN_UNDECLARED_SELECTOR = YES;
				GCC_WARN_UNINITIALIZED_AUTOS = YES_AGGRESSIVE;
				GCC_WARN_UNUSED_FUNCTION = YES;
				GCC_WARN_UNUSED_VARIABLE = YES;
				IPHONEOS_DEPLOYMENT_TARGET = 10.3;
				MTL_ENABLE_DEBUG_INFO = YES;
				ONLY_ACTIVE_ARCH = YES;
				SDKROOT = iphoneos;
				SWIFT_ACTIVE_COMPILATION_CONDITIONS = DEBUG;
				SWIFT_OPTIMIZATION_LEVEL = "-Onone";
			};
			name = Debug;
		};
		9D7DCAA91ED86DF400D35BCC /* Release */ = {
			isa = XCBuildConfiguration;
			buildSettings = {
				ALWAYS_SEARCH_USER_PATHS = NO;
				CLANG_ANALYZER_NONNULL = YES;
				CLANG_ANALYZER_NUMBER_OBJECT_CONVERSION = YES_AGGRESSIVE;
				CLANG_CXX_LANGUAGE_STANDARD = "gnu++0x";
				CLANG_CXX_LIBRARY = "libc++";
				CLANG_ENABLE_MODULES = YES;
				CLANG_ENABLE_OBJC_ARC = YES;
				CLANG_WARN_BOOL_CONVERSION = YES;
				CLANG_WARN_CONSTANT_CONVERSION = YES;
				CLANG_WARN_DIRECT_OBJC_ISA_USAGE = YES_ERROR;
				CLANG_WARN_DOCUMENTATION_COMMENTS = YES;
				CLANG_WARN_EMPTY_BODY = YES;
				CLANG_WARN_ENUM_CONVERSION = YES;
				CLANG_WARN_INFINITE_RECURSION = YES;
				CLANG_WARN_INT_CONVERSION = YES;
				CLANG_WARN_OBJC_ROOT_CLASS = YES_ERROR;
				CLANG_WARN_SUSPICIOUS_MOVE = YES;
				CLANG_WARN_UNREACHABLE_CODE = YES;
				CLANG_WARN__DUPLICATE_METHOD_MATCH = YES;
				"CODE_SIGN_IDENTITY[sdk=iphoneos*]" = "iPhone Developer";
				COPY_PHASE_STRIP = NO;
				DEBUG_INFORMATION_FORMAT = "dwarf-with-dsym";
				ENABLE_NS_ASSERTIONS = NO;
				ENABLE_STRICT_OBJC_MSGSEND = YES;
				GCC_C_LANGUAGE_STANDARD = gnu99;
				GCC_NO_COMMON_BLOCKS = YES;
				GCC_WARN_64_TO_32_BIT_CONVERSION = YES;
				GCC_WARN_ABOUT_RETURN_TYPE = YES_ERROR;
				GCC_WARN_UNDECLARED_SELECTOR = YES;
				GCC_WARN_UNINITIALIZED_AUTOS = YES_AGGRESSIVE;
				GCC_WARN_UNUSED_FUNCTION = YES;
				GCC_WARN_UNUSED_VARIABLE = YES;
				IPHONEOS_DEPLOYMENT_TARGET = 10.3;
				MTL_ENABLE_DEBUG_INFO = NO;
				SDKROOT = iphoneos;
				SWIFT_OPTIMIZATION_LEVEL = "-Owholemodule";
				VALIDATE_PRODUCT = YES;
			};
			name = Release;
		};
		9D7DCAAB1ED86DF400D35BCC /* Debug */ = {
			isa = XCBuildConfiguration;
			baseConfigurationReference = 5F2614735B5038E7922450A4 /* Pods-Playground_TestProject.debug.xcconfig */;
			buildSettings = {
				ASSETCATALOG_COMPILER_APPICON_NAME = AppIcon;
				DEVELOPMENT_TEAM = AT2W83BFC8;
				INFOPLIST_FILE = Playground_TestProject/Info.plist;
				LD_RUNPATH_SEARCH_PATHS = "$(inherited) @executable_path/Frameworks";
				PRODUCT_BUNDLE_IDENTIFIER = "salvatorepolito.Playground-TestProject";
				PRODUCT_NAME = "$(TARGET_NAME)";
				SWIFT_VERSION = 3.0;
			};
			name = Debug;
		};
		9D7DCAAC1ED86DF400D35BCC /* Release */ = {
			isa = XCBuildConfiguration;
			baseConfigurationReference = 36CE4D9296BB74BBB3A96294 /* Pods-Playground_TestProject.release.xcconfig */;
			buildSettings = {
				ASSETCATALOG_COMPILER_APPICON_NAME = AppIcon;
				DEVELOPMENT_TEAM = AT2W83BFC8;
				INFOPLIST_FILE = Playground_TestProject/Info.plist;
				LD_RUNPATH_SEARCH_PATHS = "$(inherited) @executable_path/Frameworks";
				PRODUCT_BUNDLE_IDENTIFIER = "salvatorepolito.Playground-TestProject";
				PRODUCT_NAME = "$(TARGET_NAME)";
				SWIFT_VERSION = 3.0;
			};
			name = Release;
		};
/* End XCBuildConfiguration section */

/* Begin XCConfigurationList section */
		9D7DCA931ED86DF400D35BCC /* Build configuration list for PBXProject "Playground_TestProject" */ = {
			isa = XCConfigurationList;
			buildConfigurations = (
				9D7DCAA81ED86DF400D35BCC /* Debug */,
				9D7DCAA91ED86DF400D35BCC /* Release */,
			);
			defaultConfigurationIsVisible = 0;
			defaultConfigurationName = Release;
		};
		9D7DCAAA1ED86DF400D35BCC /* Build configuration list for PBXNativeTarget "Playground_TestProject" */ = {
			isa = XCConfigurationList;
			buildConfigurations = (
				9D7DCAAB1ED86DF400D35BCC /* Debug */,
				9D7DCAAC1ED86DF400D35BCC /* Release */,
			);
			defaultConfigurationIsVisible = 0;
			defaultConfigurationName = Release;
		};
/* End XCConfigurationList section */
	};
	rootObject = 9D7DCA901ED86DF400D35BCC /* Project object */;
}
